PODS:
  - ImagePicker (3.2.0)
  - InputBarAccessoryView (5.1.0):
    - InputBarAccessoryView/Core (= 5.1.0)
  - InputBarAccessoryView/Core (5.1.0)
  - MessageKit (3.3.0):
    - InputBarAccessoryView (~> 5.1.0)
  - SCLAlertView (0.8)
  - TinyConstraints (4.0.1)

DEPENDENCIES:
  - ImagePicker
  - MessageKit
  - SCLAlertView
  - TinyConstraints

SPEC REPOS:
  trunk:
    - ImagePicker
    - InputBarAccessoryView
    - MessageKit
    - SCLAlertView
    - TinyConstraints

SPEC CHECKSUMS:
  ImagePicker: 1d950bbb2422548ed58791b4ec7f42fe42920511
  InputBarAccessoryView: 19953f486a23e846e9487099f92bbe3456e46ce5
  MessageKit: 1f07618183be6d92b648ba7a384aafa097362a00
  SCLAlertView: 6a77bb2edfc65e04dbe57725546cb4107a506b85
  TinyConstraints: 8dd91295e56797648c7bc335dd20e1d91ec4c192

PODFILE CHECKSUM: 4c2c25c542dd3d233c928f7e9fa3b745533f68fa

COCOAPODS: 1.9.3
