// !$*UTF8*$!
{
	archiveVersion = 1;
	classes = {
	};
	objectVersion = 51;
	objects = {

/* Begin PBXBuildFile section */
		9006A6465E956CBA5B68CEE0 /* Pods_Messenger.framework in Frameworks */ = {isa = PBXBuildFile; fileRef = 10B91C852277BD5499B90350 /* Pods_Messenger.framework */; };
		EC005D8F24E35CAC00FD78FD /* AppDelegate.swift in Sources */ = {isa = PBXBuildFile; fileRef = EC005D8E24E35CAC00FD78FD /* AppDelegate.swift */; };
		EC005D9124E35CAC00FD78FD /* SceneDelegate.swift in Sources */ = {isa = PBXBuildFile; fileRef = EC005D9024E35CAC00FD78FD /* SceneDelegate.swift */; };
		EC005D9324E35CAC00FD78FD /* LoginViewController.swift in Sources */ = {isa = PBXBuildFile; fileRef = EC005D9224E35CAC00FD78FD /* LoginViewController.swift */; };
		EC005D9824E35CAF00FD78FD /* Assets.xcassets in Resources */ = {isa = PBXBuildFile; fileRef = EC005D9724E35CAF00FD78FD /* Assets.xcassets */; };
		EC2743CF2507EDA900B2A009 /* KeyboardNotifications.swift in Sources */ = {isa = PBXBuildFile; fileRef = EC2743CE2507EDA900B2A009 /* KeyboardNotifications.swift */; };
		EC930E9924E59EC300B2DB77 /* ImagePickerViewController.swift in Sources */ = {isa = PBXBuildFile; fileRef = EC930E9824E59EC300B2DB77 /* ImagePickerViewController.swift */; };
		ECD2760124EE02FD0042705A /* ContactsCell.swift in Sources */ = {isa = PBXBuildFile; fileRef = ECD2760024EE02FD0042705A /* ContactsCell.swift */; };
		ECE3D66B250863D700B976DB /* ForgotPasswordViewController.swift in Sources */ = {isa = PBXBuildFile; fileRef = ECE3D66A250863D700B976DB /* ForgotPasswordViewController.swift */; };
		ECF839FA24FDBDA800F6494B /* ChatBoxViewController.swift in Sources */ = {isa = PBXBuildFile; fileRef = ECF839F924FDBDA800F6494B /* ChatBoxViewController.swift */; };
		ECFC8DEE24E4283300E358A4 /* Alert.swift in Sources */ = {isa = PBXBuildFile; fileRef = ECFC8DED24E4283300E358A4 /* Alert.swift */; };
		ECFC8DF024E4342C00E358A4 /* ContactsViewController.swift in Sources */ = {isa = PBXBuildFile; fileRef = ECFC8DEF24E4342C00E358A4 /* ContactsViewController.swift */; };
/* End PBXBuildFile section */

/* Begin PBXFileReference section */
		10B91C852277BD5499B90350 /* Pods_Messenger.framework */ = {isa = PBXFileReference; explicitFileType = wrapper.framework; includeInIndex = 0; path = Pods_Messenger.framework; sourceTree = BUILT_PRODUCTS_DIR; };
		6523B23B2B42AFA2C8220C21 /* Pods-Messenger.debug.xcconfig */ = {isa = PBXFileReference; includeInIndex = 1; lastKnownFileType = text.xcconfig; name = "Pods-Messenger.debug.xcconfig"; path = "Target Support Files/Pods-Messenger/Pods-Messenger.debug.xcconfig"; sourceTree = "<group>"; };
		8847C1D6384D5808E745DA2D /* Pods-Messenger.release.xcconfig */ = {isa = PBXFileReference; includeInIndex = 1; lastKnownFileType = text.xcconfig; name = "Pods-Messenger.release.xcconfig"; path = "Target Support Files/Pods-Messenger/Pods-Messenger.release.xcconfig"; sourceTree = "<group>"; };
		EC005D8B24E35CAC00FD78FD /* Messenger.app */ = {isa = PBXFileReference; explicitFileType = wrapper.application; includeInIndex = 0; path = Messenger.app; sourceTree = BUILT_PRODUCTS_DIR; };
		EC005D8E24E35CAC00FD78FD /* AppDelegate.swift */ = {isa = PBXFileReference; lastKnownFileType = sourcecode.swift; name = AppDelegate.swift; path = ../AppDelegate.swift; sourceTree = "<group>"; };
		EC005D9024E35CAC00FD78FD /* SceneDelegate.swift */ = {isa = PBXFileReference; lastKnownFileType = sourcecode.swift; name = SceneDelegate.swift; path = ../SceneDelegate.swift; sourceTree = "<group>"; };
		EC005D9224E35CAC00FD78FD /* LoginViewController.swift */ = {isa = PBXFileReference; lastKnownFileType = sourcecode.swift; name = LoginViewController.swift; path = ../LoginViewController.swift; sourceTree = "<group>"; };
		EC005D9724E35CAF00FD78FD /* Assets.xcassets */ = {isa = PBXFileReference; lastKnownFileType = folder.assetcatalog; path = Assets.xcassets; sourceTree = "<group>"; };
		EC005D9C24E35CAF00FD78FD /* Info.plist */ = {isa = PBXFileReference; lastKnownFileType = text.plist.xml; path = Info.plist; sourceTree = "<group>"; };
		EC2743CE2507EDA900B2A009 /* KeyboardNotifications.swift */ = {isa = PBXFileReference; lastKnownFileType = sourcecode.swift; path = KeyboardNotifications.swift; sourceTree = "<group>"; };
		EC930E9824E59EC300B2DB77 /* ImagePickerViewController.swift */ = {isa = PBXFileReference; lastKnownFileType = sourcecode.swift; path = ImagePickerViewController.swift; sourceTree = "<group>"; };
		ECD2760024EE02FD0042705A /* ContactsCell.swift */ = {isa = PBXFileReference; lastKnownFileType = sourcecode.swift; path = ContactsCell.swift; sourceTree = "<group>"; };
		ECE3D66A250863D700B976DB /* ForgotPasswordViewController.swift */ = {isa = PBXFileReference; lastKnownFileType = sourcecode.swift; path = ForgotPasswordViewController.swift; sourceTree = "<group>"; };
		ECF839F924FDBDA800F6494B /* ChatBoxViewController.swift */ = {isa = PBXFileReference; lastKnownFileType = sourcecode.swift; path = ChatBoxViewController.swift; sourceTree = "<group>"; };
		ECFC8DED24E4283300E358A4 /* Alert.swift */ = {isa = PBXFileReference; fileEncoding = 4; lastKnownFileType = sourcecode.swift; path = Alert.swift; sourceTree = "<group>"; };
		ECFC8DEF24E4342C00E358A4 /* ContactsViewController.swift */ = {isa = PBXFileReference; lastKnownFileType = sourcecode.swift; path = ContactsViewController.swift; sourceTree = "<group>"; };
/* End PBXFileReference section */

/* Begin PBXFrameworksBuildPhase section */
		EC005D8824E35CAC00FD78FD /* Frameworks */ = {
			isa = PBXFrameworksBuildPhase;
			buildActionMask = 2147483647;
			files = (
				9006A6465E956CBA5B68CEE0 /* Pods_Messenger.framework in Frameworks */,
			);
			runOnlyForDeploymentPostprocessing = 0;
		};
/* End PBXFrameworksBuildPhase section */

/* Begin PBXGroup section */
		095865871EBBDFA1C290E7AB /* Frameworks */ = {
			isa = PBXGroup;
			children = (
				10B91C852277BD5499B90350 /* Pods_Messenger.framework */,
			);
			name = Frameworks;
			sourceTree = "<group>";
		};
		3952E7E07CF023ED9229458E /* Pods */ = {
			isa = PBXGroup;
			children = (
				6523B23B2B42AFA2C8220C21 /* Pods-Messenger.debug.xcconfig */,
				8847C1D6384D5808E745DA2D /* Pods-Messenger.release.xcconfig */,
			);
			path = Pods;
			sourceTree = "<group>";
		};
		EC005D8224E35CAC00FD78FD = {
			isa = PBXGroup;
			children = (
				EC005D8D24E35CAC00FD78FD /* Messenger */,
				EC005D8C24E35CAC00FD78FD /* Products */,
				3952E7E07CF023ED9229458E /* Pods */,
				095865871EBBDFA1C290E7AB /* Frameworks */,
			);
			sourceTree = "<group>";
		};
		EC005D8C24E35CAC00FD78FD /* Products */ = {
			isa = PBXGroup;
			children = (
				EC005D8B24E35CAC00FD78FD /* Messenger.app */,
			);
			name = Products;
			sourceTree = "<group>";
		};
		EC005D8D24E35CAC00FD78FD /* Messenger */ = {
			isa = PBXGroup;
			children = (
				ECFC8DEB24E427A400E358A4 /* Delegates */,
				EC2743CD2507ED6600B2A009 /* Notifications */,
				ECFC8DEC24E427B300E358A4 /* Controllers */,
				ECD2760224EE03F90042705A /* ContactsCell */,
				EC005D9724E35CAF00FD78FD /* Assets.xcassets */,
				EC005D9C24E35CAF00FD78FD /* Info.plist */,
			);
			path = Messenger;
			sourceTree = "<group>";
		};
		EC2743CD2507ED6600B2A009 /* Notifications */ = {
			isa = PBXGroup;
			children = (
				ECFC8DED24E4283300E358A4 /* Alert.swift */,
				EC2743CE2507EDA900B2A009 /* KeyboardNotifications.swift */,
			);
			path = Notifications;
			sourceTree = "<group>";
		};
		ECD2760224EE03F90042705A /* ContactsCell */ = {
			isa = PBXGroup;
			children = (
				ECD2760024EE02FD0042705A /* ContactsCell.swift */,
			);
			path = ContactsCell;
			sourceTree = "<group>";
		};
		ECFC8DEB24E427A400E358A4 /* Delegates */ = {
			isa = PBXGroup;
			children = (
				EC005D8E24E35CAC00FD78FD /* AppDelegate.swift */,
				EC005D9024E35CAC00FD78FD /* SceneDelegate.swift */,
			);
			path = Delegates;
			sourceTree = "<group>";
		};
		ECFC8DEC24E427B300E358A4 /* Controllers */ = {
			isa = PBXGroup;
			children = (
				EC005D9224E35CAC00FD78FD /* LoginViewController.swift */,
				ECF839F924FDBDA800F6494B /* ChatBoxViewController.swift */,
				ECFC8DEF24E4342C00E358A4 /* ContactsViewController.swift */,
				EC930E9824E59EC300B2DB77 /* ImagePickerViewController.swift */,
				ECE3D66A250863D700B976DB /* ForgotPasswordViewController.swift */,
			);
			path = Controllers;
			sourceTree = "<group>";
		};
/* End PBXGroup section */

/* Begin PBXNativeTarget section */
		EC005D8A24E35CAC00FD78FD /* Messenger */ = {
			isa = PBXNativeTarget;
			buildConfigurationList = EC005D9F24E35CAF00FD78FD /* Build configuration list for PBXNativeTarget "Messenger" */;
			buildPhases = (
				6A909E7690CFAEED2DE824DF /* [CP] Check Pods Manifest.lock */,
				EC005D8724E35CAC00FD78FD /* Sources */,
				EC005D8824E35CAC00FD78FD /* Frameworks */,
				EC005D8924E35CAC00FD78FD /* Resources */,
				F1A3A0CB56367E4FF1C03A61 /* [CP] Embed Pods Frameworks */,
			);
			buildRules = (
			);
			dependencies = (
			);
			name = Messenger;
			productName = Messenger;
			productReference = EC005D8B24E35CAC00FD78FD /* Messenger.app */;
			productType = "com.apple.product-type.application";
		};
/* End PBXNativeTarget section */

/* Begin PBXProject section */
		EC005D8324E35CAC00FD78FD /* Project object */ = {
			isa = PBXProject;
			attributes = {
				LastSwiftUpdateCheck = 1160;
				LastUpgradeCheck = 1160;
				ORGANIZATIONNAME = Gustavo;
				TargetAttributes = {
					EC005D8A24E35CAC00FD78FD = {
						CreatedOnToolsVersion = 11.6;
					};
				};
			};
			buildConfigurationList = EC005D8624E35CAC00FD78FD /* Build configuration list for PBXProject "Messenger" */;
			compatibilityVersion = "Xcode 9.3";
			developmentRegion = en;
			hasScannedForEncodings = 0;
			knownRegions = (
				en,
				Base,
			);
			mainGroup = EC005D8224E35CAC00FD78FD;
			productRefGroup = EC005D8C24E35CAC00FD78FD /* Products */;
			projectDirPath = "";
			projectRoot = "";
			targets = (
				EC005D8A24E35CAC00FD78FD /* Messenger */,
			);
		};
/* End PBXProject section */

/* Begin PBXResourcesBuildPhase section */
		EC005D8924E35CAC00FD78FD /* Resources */ = {
			isa = PBXResourcesBuildPhase;
			buildActionMask = 2147483647;
			files = (
				EC005D9824E35CAF00FD78FD /* Assets.xcassets in Resources */,
			);
			runOnlyForDeploymentPostprocessing = 0;
		};
/* End PBXResourcesBuildPhase section */

/* Begin PBXShellScriptBuildPhase section */
		6A909E7690CFAEED2DE824DF /* [CP] Check Pods Manifest.lock */ = {
			isa = PBXShellScriptBuildPhase;
			buildActionMask = 2147483647;
			files = (
			);
			inputFileListPaths = (
			);
			inputPaths = (
				"${PODS_PODFILE_DIR_PATH}/Podfile.lock",
				"${PODS_ROOT}/Manifest.lock",
			);
			name = "[CP] Check Pods Manifest.lock";
			outputFileListPaths = (
			);
			outputPaths = (
				"$(DERIVED_FILE_DIR)/Pods-Messenger-checkManifestLockResult.txt",
			);
			runOnlyForDeploymentPostprocessing = 0;
			shellPath = /bin/sh;
			shellScript = "diff \"${PODS_PODFILE_DIR_PATH}/Podfile.lock\" \"${PODS_ROOT}/Manifest.lock\" > /dev/null\nif [ $? != 0 ] ; then\n    # print error to STDERR\n    echo \"error: The sandbox is not in sync with the Podfile.lock. Run 'pod install' or update your CocoaPods installation.\" >&2\n    exit 1\nfi\n# This output is used by Xcode 'outputs' to avoid re-running this script phase.\necho \"SUCCESS\" > \"${SCRIPT_OUTPUT_FILE_0}\"\n";
			showEnvVarsInLog = 0;
		};
		F1A3A0CB56367E4FF1C03A61 /* [CP] Embed Pods Frameworks */ = {
			isa = PBXShellScriptBuildPhase;
			buildActionMask = 2147483647;
			files = (
			);
			inputFileListPaths = (
				"${PODS_ROOT}/Target Support Files/Pods-Messenger/Pods-Messenger-frameworks-${CONFIGURATION}-input-files.xcfilelist",
			);
			name = "[CP] Embed Pods Frameworks";
			outputFileListPaths = (
				"${PODS_ROOT}/Target Support Files/Pods-Messenger/Pods-Messenger-frameworks-${CONFIGURATION}-output-files.xcfilelist",
			);
			runOnlyForDeploymentPostprocessing = 0;
			shellPath = /bin/sh;
			shellScript = "\"${PODS_ROOT}/Target Support Files/Pods-Messenger/Pods-Messenger-frameworks.sh\"\n";
			showEnvVarsInLog = 0;
		};
/* End PBXShellScriptBuildPhase section */

/* Begin PBXSourcesBuildPhase section */
		EC005D8724E35CAC00FD78FD /* Sources */ = {
			isa = PBXSourcesBuildPhase;
			buildActionMask = 2147483647;
			files = (
				EC2743CF2507EDA900B2A009 /* KeyboardNotifications.swift in Sources */,
				EC930E9924E59EC300B2DB77 /* ImagePickerViewController.swift in Sources */,
				ECF839FA24FDBDA800F6494B /* ChatBoxViewController.swift in Sources */,
				EC005D9324E35CAC00FD78FD /* LoginViewController.swift in Sources */,
				EC005D8F24E35CAC00FD78FD /* AppDelegate.swift in Sources */,
				ECFC8DEE24E4283300E358A4 /* Alert.swift in Sources */,
				ECE3D66B250863D700B976DB /* ForgotPasswordViewController.swift in Sources */,
				EC005D9124E35CAC00FD78FD /* SceneDelegate.swift in Sources */,
				ECFC8DF024E4342C00E358A4 /* ContactsViewController.swift in Sources */,
				ECD2760124EE02FD0042705A /* ContactsCell.swift in Sources */,
			);
			runOnlyForDeploymentPostprocessing = 0;
		};
/* End PBXSourcesBuildPhase section */

/* Begin XCBuildConfiguration section */
		EC005D9D24E35CAF00FD78FD /* Debug */ = {
			isa = XCBuildConfiguration;
			buildSettings = {
				ALWAYS_SEARCH_USER_PATHS = NO;
				CLANG_ANALYZER_NONNULL = YES;
				CLANG_ANALYZER_NUMBER_OBJECT_CONVERSION = YES_AGGRESSIVE;
				CLANG_CXX_LANGUAGE_STANDARD = "gnu++14";
				CLANG_CXX_LIBRARY = "libc++";
				CLANG_ENABLE_MODULES = YES;
				CLANG_ENABLE_OBJC_ARC = YES;
				CLANG_ENABLE_OBJC_WEAK = YES;
				CLANG_WARN_BLOCK_CAPTURE_AUTORELEASING = YES;
				CLANG_WARN_BOOL_CONVERSION = YES;
				CLANG_WARN_COMMA = YES;
				CLANG_WARN_CONSTANT_CONVERSION = YES;
				CLANG_WARN_DEPRECATED_OBJC_IMPLEMENTATIONS = YES;
				CLANG_WARN_DIRECT_OBJC_ISA_USAGE = YES_ERROR;
				CLANG_WARN_DOCUMENTATION_COMMENTS = YES;
				CLANG_WARN_EMPTY_BODY = YES;
				CLANG_WARN_ENUM_CONVERSION = YES;
				CLANG_WARN_INFINITE_RECURSION = YES;
				CLANG_WARN_INT_CONVERSION = YES;
				CLANG_WARN_NON_LITERAL_NULL_CONVERSION = YES;
				CLANG_WARN_OBJC_IMPLICIT_RETAIN_SELF = YES;
				CLANG_WARN_OBJC_LITERAL_CONVERSION = YES;
				CLANG_WARN_OBJC_ROOT_CLASS = YES_ERROR;
				CLANG_WARN_RANGE_LOOP_ANALYSIS = YES;
				CLANG_WARN_STRICT_PROTOTYPES = YES;
				CLANG_WARN_SUSPICIOUS_MOVE = YES;
				CLANG_WARN_UNGUARDED_AVAILABILITY = YES_AGGRESSIVE;
				CLANG_WARN_UNREACHABLE_CODE = YES;
				CLANG_WARN__DUPLICATE_METHOD_MATCH = YES;
				COPY_PHASE_STRIP = NO;
				DEBUG_INFORMATION_FORMAT = dwarf;
				ENABLE_STRICT_OBJC_MSGSEND = YES;
				ENABLE_TESTABILITY = YES;
				GCC_C_LANGUAGE_STANDARD = gnu11;
				GCC_DYNAMIC_NO_PIC = NO;
				GCC_NO_COMMON_BLOCKS = YES;
				GCC_OPTIMIZATION_LEVEL = 0;
				GCC_PREPROCESSOR_DEFINITIONS = (
					"DEBUG=1",
					"$(inherited)",
				);
				GCC_WARN_64_TO_32_BIT_CONVERSION = YES;
				GCC_WARN_ABOUT_RETURN_TYPE = YES_ERROR;
				GCC_WARN_UNDECLARED_SELECTOR = YES;
				GCC_WARN_UNINITIALIZED_AUTOS = YES_AGGRESSIVE;
				GCC_WARN_UNUSED_FUNCTION = YES;
				GCC_WARN_UNUSED_VARIABLE = YES;
				IPHONEOS_DEPLOYMENT_TARGET = 13.6;
				MTL_ENABLE_DEBUG_INFO = INCLUDE_SOURCE;
				MTL_FAST_MATH = YES;
				ONLY_ACTIVE_ARCH = YES;
				SDKROOT = iphoneos;
				SWIFT_ACTIVE_COMPILATION_CONDITIONS = DEBUG;
				SWIFT_OPTIMIZATION_LEVEL = "-Onone";
			};
			name = Debug;
		};
		EC005D9E24E35CAF00FD78FD /* Release */ = {
			isa = XCBuildConfiguration;
			buildSettings = {
				ALWAYS_SEARCH_USER_PATHS = NO;
				CLANG_ANALYZER_NONNULL = YES;
				CLANG_ANALYZER_NUMBER_OBJECT_CONVERSION = YES_AGGRESSIVE;
				CLANG_CXX_LANGUAGE_STANDARD = "gnu++14";
				CLANG_CXX_LIBRARY = "libc++";
				CLANG_ENABLE_MODULES = YES;
				CLANG_ENABLE_OBJC_ARC = YES;
				CLANG_ENABLE_OBJC_WEAK = YES;
				CLANG_WARN_BLOCK_CAPTURE_AUTORELEASING = YES;
				CLANG_WARN_BOOL_CONVERSION = YES;
				CLANG_WARN_COMMA = YES;
				CLANG_WARN_CONSTANT_CONVERSION = YES;
				CLANG_WARN_DEPRECATED_OBJC_IMPLEMENTATIONS = YES;
				CLANG_WARN_DIRECT_OBJC_ISA_USAGE = YES_ERROR;
				CLANG_WARN_DOCUMENTATION_COMMENTS = YES;
				CLANG_WARN_EMPTY_BODY = YES;
				CLANG_WARN_ENUM_CONVERSION = YES;
				CLANG_WARN_INFINITE_RECURSION = YES;
				CLANG_WARN_INT_CONVERSION = YES;
				CLANG_WARN_NON_LITERAL_NULL_CONVERSION = YES;
				CLANG_WARN_OBJC_IMPLICIT_RETAIN_SELF = YES;
				CLANG_WARN_OBJC_LITERAL_CONVERSION = YES;
				CLANG_WARN_OBJC_ROOT_CLASS = YES_ERROR;
				CLANG_WARN_RANGE_LOOP_ANALYSIS = YES;
				CLANG_WARN_STRICT_PROTOTYPES = YES;
				CLANG_WARN_SUSPICIOUS_MOVE = YES;
				CLANG_WARN_UNGUARDED_AVAILABILITY = YES_AGGRESSIVE;
				CLANG_WARN_UNREACHABLE_CODE = YES;
				CLANG_WARN__DUPLICATE_METHOD_MATCH = YES;
				COPY_PHASE_STRIP = NO;
				DEBUG_INFORMATION_FORMAT = "dwarf-with-dsym";
				ENABLE_NS_ASSERTIONS = NO;
				ENABLE_STRICT_OBJC_MSGSEND = YES;
				GCC_C_LANGUAGE_STANDARD = gnu11;
				GCC_NO_COMMON_BLOCKS = YES;
				GCC_WARN_64_TO_32_BIT_CONVERSION = YES;
				GCC_WARN_ABOUT_RETURN_TYPE = YES_ERROR;
				GCC_WARN_UNDECLARED_SELECTOR = YES;
				GCC_WARN_UNINITIALIZED_AUTOS = YES_AGGRESSIVE;
				GCC_WARN_UNUSED_FUNCTION = YES;
				GCC_WARN_UNUSED_VARIABLE = YES;
				IPHONEOS_DEPLOYMENT_TARGET = 13.6;
				MTL_ENABLE_DEBUG_INFO = NO;
				MTL_FAST_MATH = YES;
				SDKROOT = iphoneos;
				SWIFT_COMPILATION_MODE = wholemodule;
				SWIFT_OPTIMIZATION_LEVEL = "-O";
				VALIDATE_PRODUCT = YES;
			};
			name = Release;
		};
		EC005DA024E35CAF00FD78FD /* Debug */ = {
			isa = XCBuildConfiguration;
			baseConfigurationReference = 6523B23B2B42AFA2C8220C21 /* Pods-Messenger.debug.xcconfig */;
			buildSettings = {
				ASSETCATALOG_COMPILER_APPICON_NAME = AppIcon;
				CODE_SIGN_STYLE = Manual;
				DEVELOPMENT_TEAM = "";
				INFOPLIST_FILE = Messenger/Info.plist;
				IPHONEOS_DEPLOYMENT_TARGET = 12.4;
				LD_RUNPATH_SEARCH_PATHS = (
					"$(inherited)",
					"@executable_path/Frameworks",
				);
				PRODUCT_BUNDLE_IDENTIFIER = br.com.gustavo.Messenger;
				PRODUCT_NAME = "$(TARGET_NAME)";
				PROVISIONING_PROFILE_SPECIFIER = "";
				SWIFT_VERSION = 5.0;
				TARGETED_DEVICE_FAMILY = "1,2";
			};
			name = Debug;
		};
		EC005DA124E35CAF00FD78FD /* Release */ = {
			isa = XCBuildConfiguration;
			baseConfigurationReference = 8847C1D6384D5808E745DA2D /* Pods-Messenger.release.xcconfig */;
			buildSettings = {
				ASSETCATALOG_COMPILER_APPICON_NAME = AppIcon;
				CODE_SIGN_STYLE = Manual;
				DEVELOPMENT_TEAM = "";
				INFOPLIST_FILE = Messenger/Info.plist;
				IPHONEOS_DEPLOYMENT_TARGET = 12.4;
				LD_RUNPATH_SEARCH_PATHS = (
					"$(inherited)",
					"@executable_path/Frameworks",
				);
				PRODUCT_BUNDLE_IDENTIFIER = br.com.gustavo.Messenger;
				PRODUCT_NAME = "$(TARGET_NAME)";
				PROVISIONING_PROFILE_SPECIFIER = "";
				SWIFT_VERSION = 5.0;
				TARGETED_DEVICE_FAMILY = "1,2";
			};
			name = Release;
		};
/* End XCBuildConfiguration section */

/* Begin XCConfigurationList section */
		EC005D8624E35CAC00FD78FD /* Build configuration list for PBXProject "Messenger" */ = {
			isa = XCConfigurationList;
			buildConfigurations = (
				EC005D9D24E35CAF00FD78FD /* Debug */,
				EC005D9E24E35CAF00FD78FD /* Release */,
			);
			defaultConfigurationIsVisible = 0;
			defaultConfigurationName = Release;
		};
		EC005D9F24E35CAF00FD78FD /* Build configuration list for PBXNativeTarget "Messenger" */ = {
			isa = XCConfigurationList;
			buildConfigurations = (
				EC005DA024E35CAF00FD78FD /* Debug */,
				EC005DA124E35CAF00FD78FD /* Release */,
			);
			defaultConfigurationIsVisible = 0;
			defaultConfigurationName = Release;
		};
/* End XCConfigurationList section */
	};
	rootObject = EC005D8324E35CAC00FD78FD /* Project object */;
}
